
Microsoft Visual Studio Solution File, Format Version 12.00
# Visual Studio Version 17
VisualStudioVersion = 17.13.35931.197 d17.13
MinimumVisualStudioVersion = 10.0.40219.1
Project("{FAE04EC0-301F-11D3-BF4B-00C04F79EFBC}") = "RealEstate_Dapper_Api", "RealEstate_Dapper_Api\RealEstate_Dapper_Api.csproj", "{2A183322-A99F-4056-B1B9-CB20863CDAB6}"
EndProject
Project("{FAE04EC0-301F-11D3-BF4B-00C04F79EFBC}") = "RealEstate_Dapper_UI", "RealEstate_Dapper_UI\RealEstate_Dapper_UI.csproj", "{6B616C79-39E0-4E41-9AD3-31041D3D7E0C}"
EndProject
Global
	GlobalSection(SolutionConfigurationPlatforms) = preSolution
		Debug|Any CPU = Debug|Any CPU
		Release|Any CPU = Release|Any CPU
	EndGlobalSection
	GlobalSection(ProjectConfigurationPlatforms) = postSolution
		{2A183322-A99F-4056-B1B9-CB20863CDAB6}.Debug|Any CPU.ActiveCfg = Debug|Any CPU
		{2A183322-A99F-4056-B1B9-CB20863CDAB6}.Debug|Any CPU.Build.0 = Debug|Any CPU
		{2A183322-A99F-4056-B1B9-CB20863CDAB6}.Release|Any CPU.ActiveCfg = Release|Any CPU
		{2A183322-A99F-4056-B1B9-CB20863CDAB6}.Release|Any CPU.Build.0 = Release|Any CPU
		{6B616C79-39E0-4E41-9AD3-31041D3D7E0C}.Debug|Any CPU.ActiveCfg = Debug|Any CPU
		{6B616C79-39E0-4E41-9AD3-31041D3D7E0C}.Debug|Any CPU.Build.0 = Debug|Any CPU
		{6B616C79-39E0-4E41-9AD3-31041D3D7E0C}.Release|Any CPU.ActiveCfg = Release|Any CPU
		{6B616C79-39E0-4E41-9AD3-31041D3D7E0C}.Release|Any CPU.Build.0 = Release|Any CPU
	EndGlobalSection
	GlobalSection(SolutionProperties) = preSolution
		HideSolutionNode = FALSE
	EndGlobalSection
	GlobalSection(ExtensibilityGlobals) = postSolution
		SolutionGuid = {FE7D4282-00AE-41EC-A54F-CAEB4C4FE969}
	EndGlobalSection
EndGlobal
